{
  "name": "tarrinneal.com-v2",
  "version": "1.0.0",
  "lockfileVersion": 2,
  "requires": true,
  "packages": {
    "": {
      "version": "1.0.0",
      "license": "ISC",
      "dependencies": {
        "lit": "^2.0.0-rc.3"
      }
    },
    "node_modules/@lit/reactive-element": {
      "version": "1.0.0-rc.3",
      "resolved": "https://registry.npmjs.org/@lit/reactive-element/-/reactive-element-1.0.0-rc.3.tgz",
      "integrity": "sha512-Rs2px1keOQUNJUo5B+WExl5v244ZNCiN/iMVNO9evFdJjAdWCIupR/p14zRPkNHsciRBELLTcOZ379cI9O6PDg=="
    },
    "node_modules/@types/trusted-types": {
      "version": "1.0.6",
      "resolved": "https://registry.npmjs.org/@types/trusted-types/-/trusted-types-1.0.6.tgz",
      "integrity": "sha512-230RC8sFeHoT6sSUlRO6a8cAnclO06eeiq1QDfiv2FGCLWFvvERWgwIQD4FWqD9A69BN7Lzee4OXwoMVnnsWDw=="
    },
    "node_modules/lit": {
      "version": "2.0.0-rc.3",
      "resolved": "https://registry.npmjs.org/lit/-/lit-2.0.0-rc.3.tgz",
      "integrity": "sha512-UZDLWuspl7saA+WvS0e+TE3NdGGE05hOIwUPTWiibs34c5QupcEzpjB/aElt79V9bELQVNbUUwa0Ow7D1Wuszw==",
      "dependencies": {
        "@lit/reactive-element": "^1.0.0-rc.2",
        "lit-element": "^3.0.0-rc.2",
        "lit-html": "^2.0.0-rc.4"
      }
    },
    "node_modules/lit-element": {
      "version": "3.0.0-rc.3",
      "resolved": "https://registry.npmjs.org/lit-element/-/lit-element-3.0.0-rc.3.tgz",
      "integrity": "sha512-NDe7yjW18gfYQb1GIEQr1T8sB1GUAb1HB62pdAEw+SK6lUW7OFPKQqCOlRhZ6qJXsw9KxMnyYIprLZT4FZdYdQ==",
      "dependencies": {
        "@lit/reactive-element": "^1.0.0-rc.2",
        "lit-html": "^2.0.0-rc.4"
      }
    },
    "node_modules/lit-html": {
      "version": "2.0.0-rc.4",
      "resolved": "https://registry.npmjs.org/lit-html/-/lit-html-2.0.0-rc.4.tgz",
      "integrity": "sha512-WSLGu3vxq7y8q/oOd9I3zxyBELNLLiDk6gAYoKK4PGctI5fbh6lhnO/jVBdy0PV/vTc+cLJCA/occzx3YoNPeg==",
      "dependencies": {
        "@types/trusted-types": "^1.0.1"
      }
    }
  },
  "dependencies": {
    "@lit/reactive-element": {
      "version": "1.0.0-rc.3",
      "resolved": "https://registry.npmjs.org/@lit/reactive-element/-/reactive-element-1.0.0-rc.3.tgz",
      "integrity": "sha512-Rs2px1keOQUNJUo5B+WExl5v244ZNCiN/iMVNO9evFdJjAdWCIupR/p14zRPkNHsciRBELLTcOZ379cI9O6PDg=="
    },
    "@types/trusted-types": {
      "version": "1.0.6",
      "resolved": "https://registry.npmjs.org/@types/trusted-types/-/trusted-types-1.0.6.tgz",
      "integrity": "sha512-230RC8sFeHoT6sSUlRO6a8cAnclO06eeiq1QDfiv2FGCLWFvvERWgwIQD4FWqD9A69BN7Lzee4OXwoMVnnsWDw=="
    },
    "lit": {
      "version": "2.0.0-rc.3",
      "resolved": "https://registry.npmjs.org/lit/-/lit-2.0.0-rc.3.tgz",
      "integrity": "sha512-UZDLWuspl7saA+WvS0e+TE3NdGGE05hOIwUPTWiibs34c5QupcEzpjB/aElt79V9bELQVNbUUwa0Ow7D1Wuszw==",
      "requires": {
        "@lit/reactive-element": "^1.0.0-rc.2",
        "lit-element": "^3.0.0-rc.2",
        "lit-html": "^2.0.0-rc.4"
      }
    },
    "lit-element": {
      "version": "3.0.0-rc.3",
      "resolved": "https://registry.npmjs.org/lit-element/-/lit-element-3.0.0-rc.3.tgz",
      "integrity": "sha512-NDe7yjW18gfYQb1GIEQr1T8sB1GUAb1HB62pdAEw+SK6lUW7OFPKQqCOlRhZ6qJXsw9KxMnyYIprLZT4FZdYdQ==",
      "requires": {
        "@lit/reactive-element": "^1.0.0-rc.2",
        "lit-html": "^2.0.0-rc.4"
      }
    },
    "lit-html": {
      "version": "2.0.0-rc.4",
      "resolved": "https://registry.npmjs.org/lit-html/-/lit-html-2.0.0-rc.4.tgz",
      "integrity": "sha512-WSLGu3vxq7y8q/oOd9I3zxyBELNLLiDk6gAYoKK4PGctI5fbh6lhnO/jVBdy0PV/vTc+cLJCA/occzx3YoNPeg==",
      "requires": {
        "@types/trusted-types": "^1.0.1"
      }
    }
  }
}
